
Microsoft Visual Studio Solution File, Format Version 12.00
# Visual Studio Version 16
VisualStudioVersion = 16.0.29613.14
MinimumVisualStudioVersion = 10.0.40219.1
Project("{FAE04EC0-301F-11D3-BF4B-00C04F79EFBC}") = "AdditionalPaymentGateway.Api", "AdditionalPaymentGateway.Api\AdditionalPaymentGateway.Api.csproj", "{31D2BB65-0CD4-4313-83A9-3E71F2C8B0B1}"
EndProject
Global
	GlobalSection(SolutionConfigurationPlatforms) = preSolution
		Debug|Any CPU = Debug|Any CPU
		Release|Any CPU = Release|Any CPU
	EndGlobalSection
	GlobalSection(ProjectConfigurationPlatforms) = postSolution
		{31D2BB65-0CD4-4313-83A9-3E71F2C8B0B1}.Debug|Any CPU.ActiveCfg = Debug|Any CPU
		{31D2BB65-0CD4-4313-83A9-3E71F2C8B0B1}.Debug|Any CPU.Build.0 = Debug|Any CPU
		{31D2BB65-0CD4-4313-83A9-3E71F2C8B0B1}.Release|Any CPU.ActiveCfg = Release|Any CPU
		{31D2BB65-0CD4-4313-83A9-3E71F2C8B0B1}.Release|Any CPU.Build.0 = Release|Any CPU
	EndGlobalSection
	GlobalSection(SolutionProperties) = preSolution
		HideSolutionNode = FALSE
	EndGlobalSection
	GlobalSection(ExtensibilityGlobals) = postSolution
		SolutionGuid = {8907432D-FB78-400E-9903-4EE5C09BE5F5}
	EndGlobalSection
EndGlobal
